
Microsoft Visual Studio Solution File, Format Version 12.00
# Visual Studio Version 17
VisualStudioVersion = 17.10.35013.160
MinimumVisualStudioVersion = 10.0.40219.1
Project("{FAE04EC0-301F-11D3-BF4B-00C04F79EFBC}") = "NumberGuessingGame", "NumberGuessingGame.csproj", "{62709B86-BB35-4B01-B247-645DDFE356E3}"
EndProject
Global
	GlobalSection(SolutionConfigurationPlatforms) = preSolution
		Debug|Any CPU = Debug|Any CPU
		Release|Any CPU = Release|Any CPU
	EndGlobalSection
	GlobalSection(ProjectConfigurationPlatforms) = postSolution
		{62709B86-BB35-4B01-B247-645DDFE356E3}.Debug|Any CPU.ActiveCfg = Debug|Any CPU
		{62709B86-BB35-4B01-B247-645DDFE356E3}.Debug|Any CPU.Build.0 = Debug|Any CPU
		{62709B86-BB35-4B01-B247-645DDFE356E3}.Release|Any CPU.ActiveCfg = Release|Any CPU
		{62709B86-BB35-4B01-B247-645DDFE356E3}.Release|Any CPU.Build.0 = Release|Any CPU
	EndGlobalSection
	GlobalSection(SolutionProperties) = preSolution
		HideSolutionNode = FALSE
	EndGlobalSection
	GlobalSection(ExtensibilityGlobals) = postSolution
		SolutionGuid = {E617E38B-A7F6-4317-8192-59F0AA69155E}
	EndGlobalSection
EndGlobal
